// !$*UTF8*$!
{
	archiveVersion = 1;
	classes = {
	};
	objectVersion = 46;
	objects = {

/* Begin PBXBuildFile section */
		772D456C1F434AD30047A7BF /* SJSearchWordsViewController.m in Sources */ = {isa = PBXBuildFile; fileRef = 772D45681F434AD30047A7BF /* SJSearchWordsViewController.m */; };
		772D456D1F434AD30047A7BF /* SJSearchWordsBar.m in Sources */ = {isa = PBXBuildFile; fileRef = 772D456B1F434AD30047A7BF /* SJSearchWordsBar.m */; };
		772D45731F434B960047A7BF /* SJAddWordToListViewController.m in Sources */ = {isa = PBXBuildFile; fileRef = 772D45721F434B960047A7BF /* SJAddWordToListViewController.m */; };
		772D45EE1F4436F00047A7BF /* SJTransitionAnimator.m in Sources */ = {isa = PBXBuildFile; fileRef = 772D45ED1F4436F00047A7BF /* SJTransitionAnimator.m */; };
		772D45F31F44599D0047A7BF /* SJAllWordsViewController.m in Sources */ = {isa = PBXBuildFile; fileRef = 772D45F21F44599D0047A7BF /* SJAllWordsViewController.m */; };
		772D45F61F45666A0047A7BF /* NSAttributedString+ZFBAdditon.m in Sources */ = {isa = PBXBuildFile; fileRef = 772D45F51F45666A0047A7BF /* NSAttributedString+ZFBAdditon.m */; };
		772D45F91F4574B60047A7BF /* SJBaseCollectionViewCell.m in Sources */ = {isa = PBXBuildFile; fileRef = 772D45F81F4574B60047A7BF /* SJBaseCollectionViewCell.m */; };
		772D45FC1F4574D30047A7BF /* SJReciteWordsCollectionCell.m in Sources */ = {isa = PBXBuildFile; fileRef = 772D45FB1F4574D30047A7BF /* SJReciteWordsCollectionCell.m */; };
		7755AD111F40A012009073D2 /* SJSettingViewController.m in Sources */ = {isa = PBXBuildFile; fileRef = 7755AD101F40A012009073D2 /* SJSettingViewController.m */; };
		7755AD1A1F40A052009073D2 /* SJListManageViewController.m in Sources */ = {isa = PBXBuildFile; fileRef = 7755AD191F40A052009073D2 /* SJListManageViewController.m */; };
		7755AD1D1F40A05D009073D2 /* SJWordsListViewController.m in Sources */ = {isa = PBXBuildFile; fileRef = 7755AD1C1F40A05D009073D2 /* SJWordsListViewController.m */; };
		7755AD231F40A1CA009073D2 /* UIColor+Extension.m in Sources */ = {isa = PBXBuildFile; fileRef = 7755AD221F40A1CA009073D2 /* UIColor+Extension.m */; };
		7755AD261F40A5B4009073D2 /* SJSettingCollectionViewCell.m in Sources */ = {isa = PBXBuildFile; fileRef = 7755AD251F40A5B4009073D2 /* SJSettingCollectionViewCell.m */; };
		7755AD2A1F40ABF9009073D2 /* SJSettingOperation.m in Sources */ = {isa = PBXBuildFile; fileRef = 7755AD291F40ABF9009073D2 /* SJSettingOperation.m */; };
		7755AD2D1F40B1C6009073D2 /* SJBaseTableView.m in Sources */ = {isa = PBXBuildFile; fileRef = 7755AD2C1F40B1C6009073D2 /* SJBaseTableView.m */; };
		7755AD311F40B2EE009073D2 /* SJBaseTableViewCell.m in Sources */ = {isa = PBXBuildFile; fileRef = 7755AD301F40B2EE009073D2 /* SJBaseTableViewCell.m */; };
		7755AD341F40B30B009073D2 /* SJListManageTableCell.m in Sources */ = {isa = PBXBuildFile; fileRef = 7755AD331F40B30B009073D2 /* SJListManageTableCell.m */; };
		7755AD371F40B9B1009073D2 /* SJWordList.m in Sources */ = {isa = PBXBuildFile; fileRef = 7755AD361F40B9B1009073D2 /* SJWordList.m */; };
		7755AD3E1F4200E4009073D2 /* SJWordsListTableCell.m in Sources */ = {isa = PBXBuildFile; fileRef = 7755AD3D1F4200E4009073D2 /* SJWordsListTableCell.m */; };
		7755AD451F42B8F6009073D2 /* SJSearchHistoryViewController.m in Sources */ = {isa = PBXBuildFile; fileRef = 7755AD441F42B8F6009073D2 /* SJSearchHistoryViewController.m */; };
		7755AD481F42DBDF009073D2 /* SJWordPronunciations.m in Sources */ = {isa = PBXBuildFile; fileRef = 7755AD471F42DBDF009073D2 /* SJWordPronunciations.m */; };
		7755AD4B1F42E98B009073D2 /* NSString+Extension.m in Sources */ = {isa = PBXBuildFile; fileRef = 7755AD4A1F42E98B009073D2 /* NSString+Extension.m */; };
		7755AD4E1F42F9B6009073D2 /* UIViewController+Extension.m in Sources */ = {isa = PBXBuildFile; fileRef = 7755AD4D1F42F9B6009073D2 /* UIViewController+Extension.m */; };
		778137041F2F558200F3CAA8 /* main.m in Sources */ = {isa = PBXBuildFile; fileRef = 778137031F2F558200F3CAA8 /* main.m */; };
		778137071F2F558200F3CAA8 /* AppDelegate.m in Sources */ = {isa = PBXBuildFile; fileRef = 778137061F2F558200F3CAA8 /* AppDelegate.m */; };
		7781370F1F2F558200F3CAA8 /* Assets.xcassets in Resources */ = {isa = PBXBuildFile; fileRef = 7781370E1F2F558200F3CAA8 /* Assets.xcassets */; };
		778137121F2F558200F3CAA8 /* LaunchScreen.storyboard in Resources */ = {isa = PBXBuildFile; fileRef = 778137101F2F558200F3CAA8 /* LaunchScreen.storyboard */; };
		778137231F2F565100F3CAA8 /* SJBaseViewController.m in Sources */ = {isa = PBXBuildFile; fileRef = 778137221F2F565100F3CAA8 /* SJBaseViewController.m */; };
		778137261F2F565C00F3CAA8 /* SJBaseView.m in Sources */ = {isa = PBXBuildFile; fileRef = 778137251F2F565C00F3CAA8 /* SJBaseView.m */; };
		778137311F2F571200F3CAA8 /* SJBaseNavigationController.m in Sources */ = {isa = PBXBuildFile; fileRef = 778137301F2F571200F3CAA8 /* SJBaseNavigationController.m */; };
		778137341F2F578700F3CAA8 /* SJReciteWordsViewController.m in Sources */ = {isa = PBXBuildFile; fileRef = 778137331F2F578700F3CAA8 /* SJReciteWordsViewController.m */; };
		778137381F2F581000F3CAA8 /* SJTabBarController.m in Sources */ = {isa = PBXBuildFile; fileRef = 778137371F2F581000F3CAA8 /* SJTabBarController.m */; };
		778137471F2F5EA600F3CAA8 /* SJWordInfo.m in Sources */ = {isa = PBXBuildFile; fileRef = 778137461F2F5EA600F3CAA8 /* SJWordInfo.m */; };
		7781374C1F2F5FBB00F3CAA8 /* DBNetworkingServer.m in Sources */ = {isa = PBXBuildFile; fileRef = 7781374B1F2F5FBB00F3CAA8 /* DBNetworkingServer.m */; };
		778137551F2F651B00F3CAA8 /* UIView+Extension.m in Sources */ = {isa = PBXBuildFile; fileRef = 778137541F2F651B00F3CAA8 /* UIView+Extension.m */; };
		778137581F2F676A00F3CAA8 /* NSObject+Extension.m in Sources */ = {isa = PBXBuildFile; fileRef = 778137571F2F676A00F3CAA8 /* NSObject+Extension.m */; };
		7781375B1F2F68FE00F3CAA8 /* SJDataServer.m in Sources */ = {isa = PBXBuildFile; fileRef = 7781375A1F2F68FE00F3CAA8 /* SJDataServer.m */; };
		778137641F2F711A00F3CAA8 /* SJWordInfoView.m in Sources */ = {isa = PBXBuildFile; fileRef = 778137631F2F711A00F3CAA8 /* SJWordInfoView.m */; };
		778137681F2F831300F3CAA8 /* DBAudioPlayer.m in Sources */ = {isa = PBXBuildFile; fileRef = 778137671F2F831300F3CAA8 /* DBAudioPlayer.m */; };
		7781376B1F2F833D00F3CAA8 /* YYTimer.m in Sources */ = {isa = PBXBuildFile; fileRef = 7781376A1F2F833D00F3CAA8 /* YYTimer.m */; };
		7781376E1F2F838900F3CAA8 /* SJAudioPlayerServer.m in Sources */ = {isa = PBXBuildFile; fileRef = 7781376D1F2F838900F3CAA8 /* SJAudioPlayerServer.m */; };
		778137751F2F948C00F3CAA8 /* SJLocalDataManager.m in Sources */ = {isa = PBXBuildFile; fileRef = 778137741F2F948C00F3CAA8 /* SJLocalDataManager.m */; };
		778252EC1F404B6A006F5156 /* UIImage+Extension.m in Sources */ = {isa = PBXBuildFile; fileRef = 778252EB1F404B6A006F5156 /* UIImage+Extension.m */; };
		7798A4371F584F04004CB9BA /* SJPrompt.m in Sources */ = {isa = PBXBuildFile; fileRef = 7798A4361F584F04004CB9BA /* SJPrompt.m */; };
		77CD7AC91F5982DB00EDCC25 /* SJReciteWordsToolView.m in Sources */ = {isa = PBXBuildFile; fileRef = 77CD7AC81F5982DB00EDCC25 /* SJReciteWordsToolView.m */; };
		FCF1E8DF579BEC560FA480AB /* libPods-ReciteWords.a in Frameworks */ = {isa = PBXBuildFile; fileRef = 703C99FE84BDA0DBF58CB7CB /* libPods-ReciteWords.a */; };
/* End PBXBuildFile section */

/* Begin PBXFileReference section */
		703C99FE84BDA0DBF58CB7CB /* libPods-ReciteWords.a */ = {isa = PBXFileReference; explicitFileType = archive.ar; includeInIndex = 0; path = "libPods-ReciteWords.a"; sourceTree = BUILT_PRODUCTS_DIR; };
		772D45671F434AD30047A7BF /* SJSearchWordsViewController.h */ = {isa = PBXFileReference; fileEncoding = 4; lastKnownFileType = sourcecode.c.h; path = SJSearchWordsViewController.h; sourceTree = "<group>"; };
		772D45681F434AD30047A7BF /* SJSearchWordsViewController.m */ = {isa = PBXFileReference; fileEncoding = 4; lastKnownFileType = sourcecode.c.objc; path = SJSearchWordsViewController.m; sourceTree = "<group>"; };
		772D456A1F434AD30047A7BF /* SJSearchWordsBar.h */ = {isa = PBXFileReference; fileEncoding = 4; lastKnownFileType = sourcecode.c.h; path = SJSearchWordsBar.h; sourceTree = "<group>"; };
		772D456B1F434AD30047A7BF /* SJSearchWordsBar.m */ = {isa = PBXFileReference; fileEncoding = 4; lastKnownFileType = sourcecode.c.objc; path = SJSearchWordsBar.m; sourceTree = "<group>"; };
		772D45711F434B960047A7BF /* SJAddWordToListViewController.h */ = {isa = PBXFileReference; fileEncoding = 4; lastKnownFileType = sourcecode.c.h; path = SJAddWordToListViewController.h; sourceTree = "<group>"; };
		772D45721F434B960047A7BF /* SJAddWordToListViewController.m */ = {isa = PBXFileReference; fileEncoding = 4; lastKnownFileType = sourcecode.c.objc; path = SJAddWordToListViewController.m; sourceTree = "<group>"; };
		772D45EC1F4436F00047A7BF /* SJTransitionAnimator.h */ = {isa = PBXFileReference; fileEncoding = 4; lastKnownFileType = sourcecode.c.h; path = SJTransitionAnimator.h; sourceTree = "<group>"; };
		772D45ED1F4436F00047A7BF /* SJTransitionAnimator.m */ = {isa = PBXFileReference; fileEncoding = 4; lastKnownFileType = sourcecode.c.objc; path = SJTransitionAnimator.m; sourceTree = "<group>"; };
		772D45F11F44599D0047A7BF /* SJAllWordsViewController.h */ = {isa = PBXFileReference; fileEncoding = 4; lastKnownFileType = sourcecode.c.h; path = SJAllWordsViewController.h; sourceTree = "<group>"; };
		772D45F21F44599D0047A7BF /* SJAllWordsViewController.m */ = {isa = PBXFileReference; fileEncoding = 4; lastKnownFileType = sourcecode.c.objc; path = SJAllWordsViewController.m; sourceTree = "<group>"; };
		772D45F41F45666A0047A7BF /* NSAttributedString+ZFBAdditon.h */ = {isa = PBXFileReference; fileEncoding = 4; lastKnownFileType = sourcecode.c.h; path = "NSAttributedString+ZFBAdditon.h"; sourceTree = "<group>"; };
		772D45F51F45666A0047A7BF /* NSAttributedString+ZFBAdditon.m */ = {isa = PBXFileReference; fileEncoding = 4; lastKnownFileType = sourcecode.c.objc; path = "NSAttributedString+ZFBAdditon.m"; sourceTree = "<group>"; };
		772D45F71F4574B60047A7BF /* SJBaseCollectionViewCell.h */ = {isa = PBXFileReference; fileEncoding = 4; lastKnownFileType = sourcecode.c.h; path = SJBaseCollectionViewCell.h; sourceTree = "<group>"; };
		772D45F81F4574B60047A7BF /* SJBaseCollectionViewCell.m */ = {isa = PBXFileReference; fileEncoding = 4; lastKnownFileType = sourcecode.c.objc; path = SJBaseCollectionViewCell.m; sourceTree = "<group>"; };
		772D45FA1F4574D30047A7BF /* SJReciteWordsCollectionCell.h */ = {isa = PBXFileReference; fileEncoding = 4; lastKnownFileType = sourcecode.c.h; path = SJReciteWordsCollectionCell.h; sourceTree = "<group>"; };
		772D45FB1F4574D30047A7BF /* SJReciteWordsCollectionCell.m */ = {isa = PBXFileReference; fileEncoding = 4; lastKnownFileType = sourcecode.c.objc; path = SJReciteWordsCollectionCell.m; sourceTree = "<group>"; };
		7755AD0F1F40A012009073D2 /* SJSettingViewController.h */ = {isa = PBXFileReference; fileEncoding = 4; lastKnownFileType = sourcecode.c.h; path = SJSettingViewController.h; sourceTree = "<group>"; };
		7755AD101F40A012009073D2 /* SJSettingViewController.m */ = {isa = PBXFileReference; fileEncoding = 4; lastKnownFileType = sourcecode.c.objc; path = SJSettingViewController.m; sourceTree = "<group>"; };
		7755AD181F40A052009073D2 /* SJListManageViewController.h */ = {isa = PBXFileReference; fileEncoding = 4; lastKnownFileType = sourcecode.c.h; path = SJListManageViewController.h; sourceTree = "<group>"; };
		7755AD191F40A052009073D2 /* SJListManageViewController.m */ = {isa = PBXFileReference; fileEncoding = 4; lastKnownFileType = sourcecode.c.objc; path = SJListManageViewController.m; sourceTree = "<group>"; };
		7755AD1B1F40A05D009073D2 /* SJWordsListViewController.h */ = {isa = PBXFileReference; fileEncoding = 4; lastKnownFileType = sourcecode.c.h; path = SJWordsListViewController.h; sourceTree = "<group>"; };
		7755AD1C1F40A05D009073D2 /* SJWordsListViewController.m */ = {isa = PBXFileReference; fileEncoding = 4; lastKnownFileType = sourcecode.c.objc; path = SJWordsListViewController.m; sourceTree = "<group>"; };
		7755AD211F40A1CA009073D2 /* UIColor+Extension.h */ = {isa = PBXFileReference; fileEncoding = 4; lastKnownFileType = sourcecode.c.h; path = "UIColor+Extension.h"; sourceTree = "<group>"; };
		7755AD221F40A1CA009073D2 /* UIColor+Extension.m */ = {isa = PBXFileReference; fileEncoding = 4; lastKnownFileType = sourcecode.c.objc; path = "UIColor+Extension.m"; sourceTree = "<group>"; };
		7755AD241F40A5B4009073D2 /* SJSettingCollectionViewCell.h */ = {isa = PBXFileReference; fileEncoding = 4; lastKnownFileType = sourcecode.c.h; path = SJSettingCollectionViewCell.h; sourceTree = "<group>"; };
		7755AD251F40A5B4009073D2 /* SJSettingCollectionViewCell.m */ = {isa = PBXFileReference; fileEncoding = 4; lastKnownFileType = sourcecode.c.objc; path = SJSettingCollectionViewCell.m; sourceTree = "<group>"; };
		7755AD281F40ABF9009073D2 /* SJSettingOperation.h */ = {isa = PBXFileReference; fileEncoding = 4; lastKnownFileType = sourcecode.c.h; path = SJSettingOperation.h; sourceTree = "<group>"; };
		7755AD291F40ABF9009073D2 /* SJSettingOperation.m */ = {isa = PBXFileReference; fileEncoding = 4; lastKnownFileType = sourcecode.c.objc; path = SJSettingOperation.m; sourceTree = "<group>"; };
		7755AD2B1F40B1C6009073D2 /* SJBaseTableView.h */ = {isa = PBXFileReference; fileEncoding = 4; lastKnownFileType = sourcecode.c.h; path = SJBaseTableView.h; sourceTree = "<group>"; };
		7755AD2C1F40B1C6009073D2 /* SJBaseTableView.m */ = {isa = PBXFileReference; fileEncoding = 4; lastKnownFileType = sourcecode.c.objc; path = SJBaseTableView.m; sourceTree = "<group>"; };
		7755AD2F1F40B2EE009073D2 /* SJBaseTableViewCell.h */ = {isa = PBXFileReference; fileEncoding = 4; lastKnownFileType = sourcecode.c.h; path = SJBaseTableViewCell.h; sourceTree = "<group>"; };
		7755AD301F40B2EE009073D2 /* SJBaseTableViewCell.m */ = {isa = PBXFileReference; fileEncoding = 4; lastKnownFileType = sourcecode.c.objc; path = SJBaseTableViewCell.m; sourceTree = "<group>"; };
		7755AD321F40B30B009073D2 /* SJListManageTableCell.h */ = {isa = PBXFileReference; fileEncoding = 4; lastKnownFileType = sourcecode.c.h; path = SJListManageTableCell.h; sourceTree = "<group>"; };
		7755AD331F40B30B009073D2 /* SJListManageTableCell.m */ = {isa = PBXFileReference; fileEncoding = 4; lastKnownFileType = sourcecode.c.objc; path = SJListManageTableCell.m; sourceTree = "<group>"; };
		7755AD351F40B9B1009073D2 /* SJWordList.h */ = {isa = PBXFileReference; fileEncoding = 4; lastKnownFileType = sourcecode.c.h; path = SJWordList.h; sourceTree = "<group>"; };
		7755AD361F40B9B1009073D2 /* SJWordList.m */ = {isa = PBXFileReference; fileEncoding = 4; lastKnownFileType = sourcecode.c.objc; path = SJWordList.m; sourceTree = "<group>"; };
		7755AD3C1F4200E4009073D2 /* SJWordsListTableCell.h */ = {isa = PBXFileReference; fileEncoding = 4; lastKnownFileType = sourcecode.c.h; path = SJWordsListTableCell.h; sourceTree = "<group>"; };
		7755AD3D1F4200E4009073D2 /* SJWordsListTableCell.m */ = {isa = PBXFileReference; fileEncoding = 4; lastKnownFileType = sourcecode.c.objc; path = SJWordsListTableCell.m; sourceTree = "<group>"; };
		7755AD431F42B8F6009073D2 /* SJSearchHistoryViewController.h */ = {isa = PBXFileReference; fileEncoding = 4; lastKnownFileType = sourcecode.c.h; path = SJSearchHistoryViewController.h; sourceTree = "<group>"; };
		7755AD441F42B8F6009073D2 /* SJSearchHistoryViewController.m */ = {isa = PBXFileReference; fileEncoding = 4; lastKnownFileType = sourcecode.c.objc; path = SJSearchHistoryViewController.m; sourceTree = "<group>"; };
		7755AD461F42DBDF009073D2 /* SJWordPronunciations.h */ = {isa = PBXFileReference; fileEncoding = 4; lastKnownFileType = sourcecode.c.h; path = SJWordPronunciations.h; sourceTree = "<group>"; };
		7755AD471F42DBDF009073D2 /* SJWordPronunciations.m */ = {isa = PBXFileReference; fileEncoding = 4; lastKnownFileType = sourcecode.c.objc; path = SJWordPronunciations.m; sourceTree = "<group>"; };
		7755AD491F42E98B009073D2 /* NSString+Extension.h */ = {isa = PBXFileReference; fileEncoding = 4; lastKnownFileType = sourcecode.c.h; path = "NSString+Extension.h"; sourceTree = "<group>"; };
		7755AD4A1F42E98B009073D2 /* NSString+Extension.m */ = {isa = PBXFileReference; fileEncoding = 4; lastKnownFileType = sourcecode.c.objc; path = "NSString+Extension.m"; sourceTree = "<group>"; };
		7755AD4C1F42F9B6009073D2 /* UIViewController+Extension.h */ = {isa = PBXFileReference; fileEncoding = 4; lastKnownFileType = sourcecode.c.h; path = "UIViewController+Extension.h"; sourceTree = "<group>"; };
		7755AD4D1F42F9B6009073D2 /* UIViewController+Extension.m */ = {isa = PBXFileReference; fileEncoding = 4; lastKnownFileType = sourcecode.c.objc; path = "UIViewController+Extension.m"; sourceTree = "<group>"; };
		778136FF1F2F558200F3CAA8 /* ReciteWords.app */ = {isa = PBXFileReference; explicitFileType = wrapper.application; includeInIndex = 0; path = ReciteWords.app; sourceTree = BUILT_PRODUCTS_DIR; };
		778137031F2F558200F3CAA8 /* main.m */ = {isa = PBXFileReference; lastKnownFileType = sourcecode.c.objc; path = main.m; sourceTree = "<group>"; };
		778137051F2F558200F3CAA8 /* AppDelegate.h */ = {isa = PBXFileReference; lastKnownFileType = sourcecode.c.h; path = AppDelegate.h; sourceTree = "<group>"; };
		778137061F2F558200F3CAA8 /* AppDelegate.m */ = {isa = PBXFileReference; lastKnownFileType = sourcecode.c.objc; path = AppDelegate.m; sourceTree = "<group>"; };
		7781370E1F2F558200F3CAA8 /* Assets.xcassets */ = {isa = PBXFileReference; lastKnownFileType = folder.assetcatalog; path = Assets.xcassets; sourceTree = "<group>"; };
		778137111F2F558200F3CAA8 /* Base */ = {isa = PBXFileReference; lastKnownFileType = file.storyboard; name = Base; path = Base.lproj/LaunchScreen.storyboard; sourceTree = "<group>"; };
		778137131F2F558200F3CAA8 /* Info.plist */ = {isa = PBXFileReference; lastKnownFileType = text.plist.xml; path = Info.plist; sourceTree = "<group>"; };
		778137211F2F565100F3CAA8 /* SJBaseViewController.h */ = {isa = PBXFileReference; fileEncoding = 4; lastKnownFileType = sourcecode.c.h; path = SJBaseViewController.h; sourceTree = "<group>"; };
		778137221F2F565100F3CAA8 /* SJBaseViewController.m */ = {isa = PBXFileReference; fileEncoding = 4; lastKnownFileType = sourcecode.c.objc; path = SJBaseViewController.m; sourceTree = "<group>"; };
		778137241F2F565C00F3CAA8 /* SJBaseView.h */ = {isa = PBXFileReference; fileEncoding = 4; lastKnownFileType = sourcecode.c.h; path = SJBaseView.h; sourceTree = "<group>"; };
		778137251F2F565C00F3CAA8 /* SJBaseView.m */ = {isa = PBXFileReference; fileEncoding = 4; lastKnownFileType = sourcecode.c.objc; path = SJBaseView.m; sourceTree = "<group>"; };
		7781372F1F2F571200F3CAA8 /* SJBaseNavigationController.h */ = {isa = PBXFileReference; fileEncoding = 4; lastKnownFileType = sourcecode.c.h; path = SJBaseNavigationController.h; sourceTree = "<group>"; };
		778137301F2F571200F3CAA8 /* SJBaseNavigationController.m */ = {isa = PBXFileReference; fileEncoding = 4; lastKnownFileType = sourcecode.c.objc; path = SJBaseNavigationController.m; sourceTree = "<group>"; };
		778137321F2F578700F3CAA8 /* SJReciteWordsViewController.h */ = {isa = PBXFileReference; fileEncoding = 4; lastKnownFileType = sourcecode.c.h; path = SJReciteWordsViewController.h; sourceTree = "<group>"; };
		778137331F2F578700F3CAA8 /* SJReciteWordsViewController.m */ = {isa = PBXFileReference; fileEncoding = 4; lastKnownFileType = sourcecode.c.objc; path = SJReciteWordsViewController.m; sourceTree = "<group>"; };
		778137361F2F581000F3CAA8 /* SJTabBarController.h */ = {isa = PBXFileReference; fileEncoding = 4; lastKnownFileType = sourcecode.c.h; path = SJTabBarController.h; sourceTree = "<group>"; };
		778137371F2F581000F3CAA8 /* SJTabBarController.m */ = {isa = PBXFileReference; fileEncoding = 4; lastKnownFileType = sourcecode.c.objc; path = SJTabBarController.m; sourceTree = "<group>"; };
		778137451F2F5EA600F3CAA8 /* SJWordInfo.h */ = {isa = PBXFileReference; fileEncoding = 4; lastKnownFileType = sourcecode.c.h; path = SJWordInfo.h; sourceTree = "<group>"; };
		778137461F2F5EA600F3CAA8 /* SJWordInfo.m */ = {isa = PBXFileReference; fileEncoding = 4; lastKnownFileType = sourcecode.c.objc; path = SJWordInfo.m; sourceTree = "<group>"; };
		7781374A1F2F5FBB00F3CAA8 /* DBNetworkingServer.h */ = {isa = PBXFileReference; fileEncoding = 4; lastKnownFileType = sourcecode.c.h; path = DBNetworkingServer.h; sourceTree = "<group>"; };
		7781374B1F2F5FBB00F3CAA8 /* DBNetworkingServer.m */ = {isa = PBXFileReference; fileEncoding = 4; lastKnownFileType = sourcecode.c.objc; path = DBNetworkingServer.m; sourceTree = "<group>"; };
		778137521F2F63A800F3CAA8 /* reciteWords.pch */ = {isa = PBXFileReference; lastKnownFileType = sourcecode.c.h; path = reciteWords.pch; sourceTree = "<group>"; };
		778137531F2F651B00F3CAA8 /* UIView+Extension.h */ = {isa = PBXFileReference; fileEncoding = 4; lastKnownFileType = sourcecode.c.h; path = "UIView+Extension.h"; sourceTree = "<group>"; };
		778137541F2F651B00F3CAA8 /* UIView+Extension.m */ = {isa = PBXFileReference; fileEncoding = 4; lastKnownFileType = sourcecode.c.objc; path = "UIView+Extension.m"; sourceTree = "<group>"; };
		778137561F2F676A00F3CAA8 /* NSObject+Extension.h */ = {isa = PBXFileReference; fileEncoding = 4; lastKnownFileType = sourcecode.c.h; path = "NSObject+Extension.h"; sourceTree = "<group>"; };
		778137571F2F676A00F3CAA8 /* NSObject+Extension.m */ = {isa = PBXFileReference; fileEncoding = 4; lastKnownFileType = sourcecode.c.objc; path = "NSObject+Extension.m"; sourceTree = "<group>"; };
		778137591F2F68FE00F3CAA8 /* SJDataServer.h */ = {isa = PBXFileReference; fileEncoding = 4; lastKnownFileType = sourcecode.c.h; path = SJDataServer.h; sourceTree = "<group>"; };
		7781375A1F2F68FE00F3CAA8 /* SJDataServer.m */ = {isa = PBXFileReference; fileEncoding = 4; lastKnownFileType = sourcecode.c.objc; path = SJDataServer.m; sourceTree = "<group>"; };
		778137621F2F711A00F3CAA8 /* SJWordInfoView.h */ = {isa = PBXFileReference; fileEncoding = 4; lastKnownFileType = sourcecode.c.h; path = SJWordInfoView.h; sourceTree = "<group>"; };
		778137631F2F711A00F3CAA8 /* SJWordInfoView.m */ = {isa = PBXFileReference; fileEncoding = 4; lastKnownFileType = sourcecode.c.objc; path = SJWordInfoView.m; sourceTree = "<group>"; };
		778137661F2F831300F3CAA8 /* DBAudioPlayer.h */ = {isa = PBXFileReference; fileEncoding = 4; lastKnownFileType = sourcecode.c.h; path = DBAudioPlayer.h; sourceTree = "<group>"; };
		778137671F2F831300F3CAA8 /* DBAudioPlayer.m */ = {isa = PBXFileReference; fileEncoding = 4; lastKnownFileType = sourcecode.c.objc; path = DBAudioPlayer.m; sourceTree = "<group>"; };
		778137691F2F833D00F3CAA8 /* YYTimer.h */ = {isa = PBXFileReference; fileEncoding = 4; lastKnownFileType = sourcecode.c.h; path = YYTimer.h; sourceTree = "<group>"; };
		7781376A1F2F833D00F3CAA8 /* YYTimer.m */ = {isa = PBXFileReference; fileEncoding = 4; lastKnownFileType = sourcecode.c.objc; path = YYTimer.m; sourceTree = "<group>"; };
		7781376C1F2F838900F3CAA8 /* SJAudioPlayerServer.h */ = {isa = PBXFileReference; fileEncoding = 4; lastKnownFileType = sourcecode.c.h; path = SJAudioPlayerServer.h; sourceTree = "<group>"; };
		7781376D1F2F838900F3CAA8 /* SJAudioPlayerServer.m */ = {isa = PBXFileReference; fileEncoding = 4; lastKnownFileType = sourcecode.c.objc; path = SJAudioPlayerServer.m; sourceTree = "<group>"; };
		778137731F2F948C00F3CAA8 /* SJLocalDataManager.h */ = {isa = PBXFileReference; fileEncoding = 4; lastKnownFileType = sourcecode.c.h; path = SJLocalDataManager.h; sourceTree = "<group>"; };
		778137741F2F948C00F3CAA8 /* SJLocalDataManager.m */ = {isa = PBXFileReference; fileEncoding = 4; lastKnownFileType = sourcecode.c.objc; path = SJLocalDataManager.m; sourceTree = "<group>"; };
		778252EA1F404B6A006F5156 /* UIImage+Extension.h */ = {isa = PBXFileReference; fileEncoding = 4; lastKnownFileType = sourcecode.c.h; path = "UIImage+Extension.h"; sourceTree = "<group>"; };
		778252EB1F404B6A006F5156 /* UIImage+Extension.m */ = {isa = PBXFileReference; fileEncoding = 4; lastKnownFileType = sourcecode.c.objc; path = "UIImage+Extension.m"; sourceTree = "<group>"; };
		7798A4351F584F04004CB9BA /* SJPrompt.h */ = {isa = PBXFileReference; fileEncoding = 4; lastKnownFileType = sourcecode.c.h; path = SJPrompt.h; sourceTree = "<group>"; };
		7798A4361F584F04004CB9BA /* SJPrompt.m */ = {isa = PBXFileReference; fileEncoding = 4; lastKnownFileType = sourcecode.c.objc; path = SJPrompt.m; sourceTree = "<group>"; };
		77CD7AC71F5982DB00EDCC25 /* SJReciteWordsToolView.h */ = {isa = PBXFileReference; fileEncoding = 4; lastKnownFileType = sourcecode.c.h; path = SJReciteWordsToolView.h; sourceTree = "<group>"; };
		77CD7AC81F5982DB00EDCC25 /* SJReciteWordsToolView.m */ = {isa = PBXFileReference; fileEncoding = 4; lastKnownFileType = sourcecode.c.objc; path = SJReciteWordsToolView.m; sourceTree = "<group>"; };
		A8901B06E98165B83D4DF7C8 /* Pods-ReciteWords.release.xcconfig */ = {isa = PBXFileReference; includeInIndex = 1; lastKnownFileType = text.xcconfig; name = "Pods-ReciteWords.release.xcconfig"; path = "Pods/Target Support Files/Pods-ReciteWords/Pods-ReciteWords.release.xcconfig"; sourceTree = "<group>"; };
		FA68CC42C134EA75944ACE4C /* Pods-ReciteWords.debug.xcconfig */ = {isa = PBXFileReference; includeInIndex = 1; lastKnownFileType = text.xcconfig; name = "Pods-ReciteWords.debug.xcconfig"; path = "Pods/Target Support Files/Pods-ReciteWords/Pods-ReciteWords.debug.xcconfig"; sourceTree = "<group>"; };
/* End PBXFileReference section */

/* Begin PBXFrameworksBuildPhase section */
		778136FC1F2F558200F3CAA8 /* Frameworks */ = {
			isa = PBXFrameworksBuildPhase;
			buildActionMask = 2147483647;
			files = (
				FCF1E8DF579BEC560FA480AB /* libPods-ReciteWords.a in Frameworks */,
			);
			runOnlyForDeploymentPostprocessing = 0;
		};
/* End PBXFrameworksBuildPhase section */

/* Begin PBXGroup section */
		772D45651F434AD30047A7BF /* 搜索 */ = {
			isa = PBXGroup;
			children = (
				772D45661F434AD30047A7BF /* Controller */,
				772D45691F434AD30047A7BF /* View */,
			);
			name = "搜索";
			path = Search;
			sourceTree = "<group>";
		};
		772D45661F434AD30047A7BF /* Controller */ = {
			isa = PBXGroup;
			children = (
				772D45671F434AD30047A7BF /* SJSearchWordsViewController.h */,
				772D45681F434AD30047A7BF /* SJSearchWordsViewController.m */,
			);
			path = Controller;
			sourceTree = "<group>";
		};
		772D45691F434AD30047A7BF /* View */ = {
			isa = PBXGroup;
			children = (
				772D456A1F434AD30047A7BF /* SJSearchWordsBar.h */,
				772D456B1F434AD30047A7BF /* SJSearchWordsBar.m */,
			);
			path = View;
			sourceTree = "<group>";
		};
		772D456E1F434B210047A7BF /* 添加到词单 */ = {
			isa = PBXGroup;
			children = (
				772D456F1F434B210047A7BF /* Controller */,
			);
			name = "添加到词单";
			path = Add;
			sourceTree = "<group>";
		};
		772D456F1F434B210047A7BF /* Controller */ = {
			isa = PBXGroup;
			children = (
				772D45711F434B960047A7BF /* SJAddWordToListViewController.h */,
				772D45721F434B960047A7BF /* SJAddWordToListViewController.m */,
			);
			path = Controller;
			sourceTree = "<group>";
		};
		772D45EB1F4436EA0047A7BF /* Tool */ = {
			isa = PBXGroup;
			children = (
				772D45EC1F4436F00047A7BF /* SJTransitionAnimator.h */,
				772D45ED1F4436F00047A7BF /* SJTransitionAnimator.m */,
			);
			path = Tool;
			sourceTree = "<group>";
		};
		772D45EF1F4459890047A7BF /* 全部单词 */ = {
			isa = PBXGroup;
			children = (
				772D45F01F4459890047A7BF /* Controller */,
			);
			name = "全部单词";
			path = AllWords;
			sourceTree = "<group>";
		};
		772D45F01F4459890047A7BF /* Controller */ = {
			isa = PBXGroup;
			children = (
				772D45F11F44599D0047A7BF /* SJAllWordsViewController.h */,
				772D45F21F44599D0047A7BF /* SJAllWordsViewController.m */,
			);
			path = Controller;
			sourceTree = "<group>";
		};
		7747E370BAFB3EB93FE634E8 /* Pods */ = {
			isa = PBXGroup;
			children = (
				FA68CC42C134EA75944ACE4C /* Pods-ReciteWords.debug.xcconfig */,
				A8901B06E98165B83D4DF7C8 /* Pods-ReciteWords.release.xcconfig */,
			);
			name = Pods;
			sourceTree = "<group>";
		};
		7755AD061F409EA3009073D2 /* 设置 */ = {
			isa = PBXGroup;
			children = (
				7755AD071F409F9A009073D2 /* 设置 */,
				7755AD0D1F409FE8009073D2 /* 词单 */,
				7755AD0B1F409FE8009073D2 /* 单词列表 */,
				772D45EF1F4459890047A7BF /* 全部单词 */,
			);
			name = "设置";
			path = Setting;
			sourceTree = "<group>";
		};
		7755AD071F409F9A009073D2 /* 设置 */ = {
			isa = PBXGroup;
			children = (
				7755AD081F409F9A009073D2 /* Controller */,
				7755AD091F409F9A009073D2 /* View */,
				7755AD271F40ABDF009073D2 /* Model */,
			);
			name = "设置";
			path = Setting;
			sourceTree = "<group>";
		};
		7755AD081F409F9A009073D2 /* Controller */ = {
			isa = PBXGroup;
			children = (
				7755AD0F1F40A012009073D2 /* SJSettingViewController.h */,
				7755AD101F40A012009073D2 /* SJSettingViewController.m */,
			);
			path = Controller;
			sourceTree = "<group>";
		};
		7755AD091F409F9A009073D2 /* View */ = {
			isa = PBXGroup;
			children = (
				7755AD241F40A5B4009073D2 /* SJSettingCollectionViewCell.h */,
				7755AD251F40A5B4009073D2 /* SJSettingCollectionViewCell.m */,
			);
			path = View;
			sourceTree = "<group>";
		};
		7755AD0B1F409FE8009073D2 /* 单词列表 */ = {
			isa = PBXGroup;
			children = (
				7755AD0C1F409FE8009073D2 /* Controller */,
				7755AD3B1F4200CA009073D2 /* View */,
			);
			name = "单词列表";
			path = WordsList;
			sourceTree = "<group>";
		};
		7755AD0C1F409FE8009073D2 /* Controller */ = {
			isa = PBXGroup;
			children = (
				7755AD1B1F40A05D009073D2 /* SJWordsListViewController.h */,
				7755AD1C1F40A05D009073D2 /* SJWordsListViewController.m */,
			);
			path = Controller;
			sourceTree = "<group>";
		};
		7755AD0D1F409FE8009073D2 /* 词单 */ = {
			isa = PBXGroup;
			children = (
				7755AD0E1F409FE8009073D2 /* Controller */,
				7755AD2E1F40B2C8009073D2 /* View */,
			);
			name = "词单";
			path = WordsManager;
			sourceTree = "<group>";
		};
		7755AD0E1F409FE8009073D2 /* Controller */ = {
			isa = PBXGroup;
			children = (
				7755AD181F40A052009073D2 /* SJListManageViewController.h */,
				7755AD191F40A052009073D2 /* SJListManageViewController.m */,
			);
			path = Controller;
			sourceTree = "<group>";
		};
		7755AD271F40ABDF009073D2 /* Model */ = {
			isa = PBXGroup;
			children = (
				7755AD281F40ABF9009073D2 /* SJSettingOperation.h */,
				7755AD291F40ABF9009073D2 /* SJSettingOperation.m */,
			);
			path = Model;
			sourceTree = "<group>";
		};
		7755AD2E1F40B2C8009073D2 /* View */ = {
			isa = PBXGroup;
			children = (
				7755AD321F40B30B009073D2 /* SJListManageTableCell.h */,
				7755AD331F40B30B009073D2 /* SJListManageTableCell.m */,
			);
			path = View;
			sourceTree = "<group>";
		};
		7755AD3B1F4200CA009073D2 /* View */ = {
			isa = PBXGroup;
			children = (
				7755AD3C1F4200E4009073D2 /* SJWordsListTableCell.h */,
				7755AD3D1F4200E4009073D2 /* SJWordsListTableCell.m */,
			);
			path = View;
			sourceTree = "<group>";
		};
		7755AD411F42B8F6009073D2 /* 历史 */ = {
			isa = PBXGroup;
			children = (
				7755AD421F42B8F6009073D2 /* Controller */,
			);
			name = "历史";
			path = History;
			sourceTree = "<group>";
		};
		7755AD421F42B8F6009073D2 /* Controller */ = {
			isa = PBXGroup;
			children = (
				7755AD431F42B8F6009073D2 /* SJSearchHistoryViewController.h */,
				7755AD441F42B8F6009073D2 /* SJSearchHistoryViewController.m */,
			);
			path = Controller;
			sourceTree = "<group>";
		};
		778136F61F2F558200F3CAA8 = {
			isa = PBXGroup;
			children = (
				778137011F2F558200F3CAA8 /* ReciteWords */,
				778137001F2F558200F3CAA8 /* Products */,
				7747E370BAFB3EB93FE634E8 /* Pods */,
				CF5E551914C6072B36A2F600 /* Frameworks */,
			);
			sourceTree = "<group>";
		};
		778137001F2F558200F3CAA8 /* Products */ = {
			isa = PBXGroup;
			children = (
				778136FF1F2F558200F3CAA8 /* ReciteWords.app */,
			);
			name = Products;
			sourceTree = "<group>";
		};
		778137011F2F558200F3CAA8 /* ReciteWords */ = {
			isa = PBXGroup;
			children = (
				778137051F2F558200F3CAA8 /* AppDelegate.h */,
				778137061F2F558200F3CAA8 /* AppDelegate.m */,
				778137521F2F63A800F3CAA8 /* reciteWords.pch */,
				778137191F2F55B900F3CAA8 /* ProjectFiles */,
				778137021F2F558200F3CAA8 /* Supporting Files */,
			);
			path = ReciteWords;
			sourceTree = "<group>";
		};
		778137021F2F558200F3CAA8 /* Supporting Files */ = {
			isa = PBXGroup;
			children = (
				7781370E1F2F558200F3CAA8 /* Assets.xcassets */,
				778137101F2F558200F3CAA8 /* LaunchScreen.storyboard */,
				778137131F2F558200F3CAA8 /* Info.plist */,
				778137031F2F558200F3CAA8 /* main.m */,
			);
			name = "Supporting Files";
			sourceTree = "<group>";
		};
		778137191F2F55B900F3CAA8 /* ProjectFiles */ = {
			isa = PBXGroup;
			children = (
				7781371A1F2F55E100F3CAA8 /* Base */,
				778137431F2F5E8B00F3CAA8 /* Common */,
				778137481F2F5F7900F3CAA8 /* Services */,
				778137351F2F581000F3CAA8 /* TabBarController */,
				778137271F2F56C900F3CAA8 /* 背单词 */,
				7781373D1F2F5ABE00F3CAA8 /* 搜索单词 */,
				7755AD061F409EA3009073D2 /* 设置 */,
				7755AD411F42B8F6009073D2 /* 历史 */,
			);
			path = ProjectFiles;
			sourceTree = "<group>";
		};
		7781371A1F2F55E100F3CAA8 /* Base */ = {
			isa = PBXGroup;
			children = (
				7781371C1F2F562100F3CAA8 /* BaseController */,
				7781371D1F2F562100F3CAA8 /* BaseView */,
			);
			path = Base;
			sourceTree = "<group>";
		};
		7781371C1F2F562100F3CAA8 /* BaseController */ = {
			isa = PBXGroup;
			children = (
				778137211F2F565100F3CAA8 /* SJBaseViewController.h */,
				778137221F2F565100F3CAA8 /* SJBaseViewController.m */,
				7781372F1F2F571200F3CAA8 /* SJBaseNavigationController.h */,
				778137301F2F571200F3CAA8 /* SJBaseNavigationController.m */,
			);
			path = BaseController;
			sourceTree = "<group>";
		};
		7781371D1F2F562100F3CAA8 /* BaseView */ = {
			isa = PBXGroup;
			children = (
				778137241F2F565C00F3CAA8 /* SJBaseView.h */,
				778137251F2F565C00F3CAA8 /* SJBaseView.m */,
				7755AD2B1F40B1C6009073D2 /* SJBaseTableView.h */,
				7755AD2C1F40B1C6009073D2 /* SJBaseTableView.m */,
				7755AD2F1F40B2EE009073D2 /* SJBaseTableViewCell.h */,
				7755AD301F40B2EE009073D2 /* SJBaseTableViewCell.m */,
				772D45F71F4574B60047A7BF /* SJBaseCollectionViewCell.h */,
				772D45F81F4574B60047A7BF /* SJBaseCollectionViewCell.m */,
			);
			path = BaseView;
			sourceTree = "<group>";
		};
		778137271F2F56C900F3CAA8 /* 背单词 */ = {
			isa = PBXGroup;
			children = (
				778137281F2F56C900F3CAA8 /* Controller */,
				7781372A1F2F56C900F3CAA8 /* View */,
			);
			name = "背单词";
			path = ReciteWords;
			sourceTree = "<group>";
		};
		778137281F2F56C900F3CAA8 /* Controller */ = {
			isa = PBXGroup;
			children = (
				778137321F2F578700F3CAA8 /* SJReciteWordsViewController.h */,
				778137331F2F578700F3CAA8 /* SJReciteWordsViewController.m */,
			);
			path = Controller;
			sourceTree = "<group>";
		};
		7781372A1F2F56C900F3CAA8 /* View */ = {
			isa = PBXGroup;
			children = (
				772D45FA1F4574D30047A7BF /* SJReciteWordsCollectionCell.h */,
				772D45FB1F4574D30047A7BF /* SJReciteWordsCollectionCell.m */,
				77CD7AC71F5982DB00EDCC25 /* SJReciteWordsToolView.h */,
				77CD7AC81F5982DB00EDCC25 /* SJReciteWordsToolView.m */,
			);
			path = View;
			sourceTree = "<group>";
		};
		778137351F2F581000F3CAA8 /* TabBarController */ = {
			isa = PBXGroup;
			children = (
				778137361F2F581000F3CAA8 /* SJTabBarController.h */,
				778137371F2F581000F3CAA8 /* SJTabBarController.m */,
			);
			path = TabBarController;
			sourceTree = "<group>";
		};
		7781373D1F2F5ABE00F3CAA8 /* 搜索单词 */ = {
			isa = PBXGroup;
			children = (
				772D45651F434AD30047A7BF /* 搜索 */,
				772D456E1F434B210047A7BF /* 添加到词单 */,
			);
			name = "搜索单词";
			path = SearchWords;
			sourceTree = "<group>";
		};
		778137431F2F5E8B00F3CAA8 /* Common */ = {
			isa = PBXGroup;
			children = (
				772D45EB1F4436EA0047A7BF /* Tool */,
				7781374D1F2F62FA00F3CAA8 /* Category */,
				7781374E1F2F62FA00F3CAA8 /* View */,
				778137441F2F5E8B00F3CAA8 /* Model */,
			);
			path = Common;
			sourceTree = "<group>";
		};
		778137441F2F5E8B00F3CAA8 /* Model */ = {
			isa = PBXGroup;
			children = (
				778137451F2F5EA600F3CAA8 /* SJWordInfo.h */,
				778137461F2F5EA600F3CAA8 /* SJWordInfo.m */,
				7755AD351F40B9B1009073D2 /* SJWordList.h */,
				7755AD361F40B9B1009073D2 /* SJWordList.m */,
				7755AD461F42DBDF009073D2 /* SJWordPronunciations.h */,
				7755AD471F42DBDF009073D2 /* SJWordPronunciations.m */,
			);
			path = Model;
			sourceTree = "<group>";
		};
		778137481F2F5F7900F3CAA8 /* Services */ = {
			isa = PBXGroup;
			children = (
				7798A4341F584EF1004CB9BA /* Prompt */,
				778137651F2F801700F3CAA8 /* 发音 */,
				778137491F2F5F8E00F3CAA8 /* 网络请求 */,
				778137721F2F946700F3CAA8 /* 本地数据库 */,
			);
			path = Services;
			sourceTree = "<group>";
		};
		778137491F2F5F8E00F3CAA8 /* 网络请求 */ = {
			isa = PBXGroup;
			children = (
				778137591F2F68FE00F3CAA8 /* SJDataServer.h */,
				7781375A1F2F68FE00F3CAA8 /* SJDataServer.m */,
				7781374A1F2F5FBB00F3CAA8 /* DBNetworkingServer.h */,
				7781374B1F2F5FBB00F3CAA8 /* DBNetworkingServer.m */,
			);
			name = "网络请求";
			path = Networking;
			sourceTree = "<group>";
		};
		7781374D1F2F62FA00F3CAA8 /* Category */ = {
			isa = PBXGroup;
			children = (
				772D45F41F45666A0047A7BF /* NSAttributedString+ZFBAdditon.h */,
				772D45F51F45666A0047A7BF /* NSAttributedString+ZFBAdditon.m */,
				7755AD4C1F42F9B6009073D2 /* UIViewController+Extension.h */,
				7755AD4D1F42F9B6009073D2 /* UIViewController+Extension.m */,
				778137531F2F651B00F3CAA8 /* UIView+Extension.h */,
				778137541F2F651B00F3CAA8 /* UIView+Extension.m */,
				778137561F2F676A00F3CAA8 /* NSObject+Extension.h */,
				778137571F2F676A00F3CAA8 /* NSObject+Extension.m */,
				778252EA1F404B6A006F5156 /* UIImage+Extension.h */,
				778252EB1F404B6A006F5156 /* UIImage+Extension.m */,
				7755AD211F40A1CA009073D2 /* UIColor+Extension.h */,
				7755AD221F40A1CA009073D2 /* UIColor+Extension.m */,
				7755AD491F42E98B009073D2 /* NSString+Extension.h */,
				7755AD4A1F42E98B009073D2 /* NSString+Extension.m */,
			);
			path = Category;
			sourceTree = "<group>";
		};
		7781374E1F2F62FA00F3CAA8 /* View */ = {
			isa = PBXGroup;
			children = (
				778137621F2F711A00F3CAA8 /* SJWordInfoView.h */,
				778137631F2F711A00F3CAA8 /* SJWordInfoView.m */,
			);
			path = View;
			sourceTree = "<group>";
		};
		778137651F2F801700F3CAA8 /* 发音 */ = {
			isa = PBXGroup;
			children = (
				7781376C1F2F838900F3CAA8 /* SJAudioPlayerServer.h */,
				7781376D1F2F838900F3CAA8 /* SJAudioPlayerServer.m */,
				778137661F2F831300F3CAA8 /* DBAudioPlayer.h */,
				778137671F2F831300F3CAA8 /* DBAudioPlayer.m */,
				778137691F2F833D00F3CAA8 /* YYTimer.h */,
				7781376A1F2F833D00F3CAA8 /* YYTimer.m */,
			);
			name = "发音";
			path = UsAudio;
			sourceTree = "<group>";
		};
		778137721F2F946700F3CAA8 /* 本地数据库 */ = {
			isa = PBXGroup;
			children = (
				778137731F2F948C00F3CAA8 /* SJLocalDataManager.h */,
				778137741F2F948C00F3CAA8 /* SJLocalDataManager.m */,
			);
			name = "本地数据库";
			path = LocalData;
			sourceTree = "<group>";
		};
		7798A4341F584EF1004CB9BA /* Prompt */ = {
			isa = PBXGroup;
			children = (
				7798A4351F584F04004CB9BA /* SJPrompt.h */,
				7798A4361F584F04004CB9BA /* SJPrompt.m */,
			);
			path = Prompt;
			sourceTree = "<group>";
		};
		CF5E551914C6072B36A2F600 /* Frameworks */ = {
			isa = PBXGroup;
			children = (
				703C99FE84BDA0DBF58CB7CB /* libPods-ReciteWords.a */,
			);
			name = Frameworks;
			sourceTree = "<group>";
		};
/* End PBXGroup section */

/* Begin PBXNativeTarget section */
		778136FE1F2F558200F3CAA8 /* ReciteWords */ = {
			isa = PBXNativeTarget;
			buildConfigurationList = 778137161F2F558200F3CAA8 /* Build configuration list for PBXNativeTarget "ReciteWords" */;
			buildPhases = (
				5A2556DFB83445F169079E58 /* [CP] Check Pods Manifest.lock */,
				778136FB1F2F558200F3CAA8 /* Sources */,
				778136FC1F2F558200F3CAA8 /* Frameworks */,
				778136FD1F2F558200F3CAA8 /* Resources */,
				D9699315A42A28FD87E97BFA /* [CP] Embed Pods Frameworks */,
				89CC5229124FD59CB7B49516 /* [CP] Copy Pods Resources */,
			);
			buildRules = (
			);
			dependencies = (
			);
			name = ReciteWords;
			productName = ReciteWords;
			productReference = 778136FF1F2F558200F3CAA8 /* ReciteWords.app */;
			productType = "com.apple.product-type.application";
		};
/* End PBXNativeTarget section */

/* Begin PBXProject section */
		778136F71F2F558200F3CAA8 /* Project object */ = {
			isa = PBXProject;
			attributes = {
				CLASSPREFIX = SJ;
				LastUpgradeCheck = 0830;
				ORGANIZATIONNAME = SanJiang;
				TargetAttributes = {
					778136FE1F2F558200F3CAA8 = {
						CreatedOnToolsVersion = 8.3.2;
						DevelopmentTeam = DB5B5F2RH5;
						ProvisioningStyle = Manual;
					};
				};
			};
			buildConfigurationList = 778136FA1F2F558200F3CAA8 /* Build configuration list for PBXProject "ReciteWords" */;
			compatibilityVersion = "Xcode 3.2";
			developmentRegion = English;
			hasScannedForEncodings = 0;
			knownRegions = (
				en,
				Base,
			);
			mainGroup = 778136F61F2F558200F3CAA8;
			productRefGroup = 778137001F2F558200F3CAA8 /* Products */;
			projectDirPath = "";
			projectRoot = "";
			targets = (
				778136FE1F2F558200F3CAA8 /* ReciteWords */,
			);
		};
/* End PBXProject section */

/* Begin PBXResourcesBuildPhase section */
		778136FD1F2F558200F3CAA8 /* Resources */ = {
			isa = PBXResourcesBuildPhase;
			buildActionMask = 2147483647;
			files = (
				778137121F2F558200F3CAA8 /* LaunchScreen.storyboard in Resources */,
				7781370F1F2F558200F3CAA8 /* Assets.xcassets in Resources */,
			);
			runOnlyForDeploymentPostprocessing = 0;
		};
/* End PBXResourcesBuildPhase section */

/* Begin PBXShellScriptBuildPhase section */
		5A2556DFB83445F169079E58 /* [CP] Check Pods Manifest.lock */ = {
			isa = PBXShellScriptBuildPhase;
			buildActionMask = 2147483647;
			files = (
			);
			inputPaths = (
			);
			name = "[CP] Check Pods Manifest.lock";
			outputPaths = (
			);
			runOnlyForDeploymentPostprocessing = 0;
			shellPath = /bin/sh;
			shellScript = "diff \"${PODS_ROOT}/../Podfile.lock\" \"${PODS_ROOT}/Manifest.lock\" > /dev/null\nif [ $? != 0 ] ; then\n    # print error to STDERR\n    echo \"error: The sandbox is not in sync with the Podfile.lock. Run 'pod install' or update your CocoaPods installation.\" >&2\n    exit 1\nfi\n";
			showEnvVarsInLog = 0;
		};
		89CC5229124FD59CB7B49516 /* [CP] Copy Pods Resources */ = {
			isa = PBXShellScriptBuildPhase;
			buildActionMask = 2147483647;
			files = (
			);
			inputPaths = (
			);
			name = "[CP] Copy Pods Resources";
			outputPaths = (
			);
			runOnlyForDeploymentPostprocessing = 0;
			shellPath = /bin/sh;
			shellScript = "\"${SRCROOT}/Pods/Target Support Files/Pods-ReciteWords/Pods-ReciteWords-resources.sh\"\n";
			showEnvVarsInLog = 0;
		};
		D9699315A42A28FD87E97BFA /* [CP] Embed Pods Frameworks */ = {
			isa = PBXShellScriptBuildPhase;
			buildActionMask = 2147483647;
			files = (
			);
			inputPaths = (
			);
			name = "[CP] Embed Pods Frameworks";
			outputPaths = (
			);
			runOnlyForDeploymentPostprocessing = 0;
			shellPath = /bin/sh;
			shellScript = "\"${SRCROOT}/Pods/Target Support Files/Pods-ReciteWords/Pods-ReciteWords-frameworks.sh\"\n";
			showEnvVarsInLog = 0;
		};
/* End PBXShellScriptBuildPhase section */

/* Begin PBXSourcesBuildPhase section */
		778136FB1F2F558200F3CAA8 /* Sources */ = {
			isa = PBXSourcesBuildPhase;
			buildActionMask = 2147483647;
			files = (
				7755AD1A1F40A052009073D2 /* SJListManageViewController.m in Sources */,
				778137071F2F558200F3CAA8 /* AppDelegate.m in Sources */,
				778137751F2F948C00F3CAA8 /* SJLocalDataManager.m in Sources */,
				778137041F2F558200F3CAA8 /* main.m in Sources */,
				7755AD231F40A1CA009073D2 /* UIColor+Extension.m in Sources */,
				7755AD2A1F40ABF9009073D2 /* SJSettingOperation.m in Sources */,
				778137551F2F651B00F3CAA8 /* UIView+Extension.m in Sources */,
				778137261F2F565C00F3CAA8 /* SJBaseView.m in Sources */,
				7781376B1F2F833D00F3CAA8 /* YYTimer.m in Sources */,
				772D45F31F44599D0047A7BF /* SJAllWordsViewController.m in Sources */,
				778137341F2F578700F3CAA8 /* SJReciteWordsViewController.m in Sources */,
				778137581F2F676A00F3CAA8 /* NSObject+Extension.m in Sources */,
				7755AD4E1F42F9B6009073D2 /* UIViewController+Extension.m in Sources */,
				7755AD481F42DBDF009073D2 /* SJWordPronunciations.m in Sources */,
				7755AD311F40B2EE009073D2 /* SJBaseTableViewCell.m in Sources */,
				778137681F2F831300F3CAA8 /* DBAudioPlayer.m in Sources */,
				7781375B1F2F68FE00F3CAA8 /* SJDataServer.m in Sources */,
				7755AD261F40A5B4009073D2 /* SJSettingCollectionViewCell.m in Sources */,
				7755AD1D1F40A05D009073D2 /* SJWordsListViewController.m in Sources */,
				7755AD2D1F40B1C6009073D2 /* SJBaseTableView.m in Sources */,
				772D45F91F4574B60047A7BF /* SJBaseCollectionViewCell.m in Sources */,
				7755AD4B1F42E98B009073D2 /* NSString+Extension.m in Sources */,
				778137381F2F581000F3CAA8 /* SJTabBarController.m in Sources */,
				7755AD111F40A012009073D2 /* SJSettingViewController.m in Sources */,
				772D45FC1F4574D30047A7BF /* SJReciteWordsCollectionCell.m in Sources */,
				778137231F2F565100F3CAA8 /* SJBaseViewController.m in Sources */,
				77CD7AC91F5982DB00EDCC25 /* SJReciteWordsToolView.m in Sources */,
				7798A4371F584F04004CB9BA /* SJPrompt.m in Sources */,
				778252EC1F404B6A006F5156 /* UIImage+Extension.m in Sources */,
				772D45EE1F4436F00047A7BF /* SJTransitionAnimator.m in Sources */,
				772D456D1F434AD30047A7BF /* SJSearchWordsBar.m in Sources */,
				7755AD451F42B8F6009073D2 /* SJSearchHistoryViewController.m in Sources */,
				778137641F2F711A00F3CAA8 /* SJWordInfoView.m in Sources */,
				7781374C1F2F5FBB00F3CAA8 /* DBNetworkingServer.m in Sources */,
				7755AD3E1F4200E4009073D2 /* SJWordsListTableCell.m in Sources */,
				772D456C1F434AD30047A7BF /* SJSearchWordsViewController.m in Sources */,
				7781376E1F2F838900F3CAA8 /* SJAudioPlayerServer.m in Sources */,
				772D45F61F45666A0047A7BF /* NSAttributedString+ZFBAdditon.m in Sources */,
				778137471F2F5EA600F3CAA8 /* SJWordInfo.m in Sources */,
				772D45731F434B960047A7BF /* SJAddWordToListViewController.m in Sources */,
				7755AD371F40B9B1009073D2 /* SJWordList.m in Sources */,
				7755AD341F40B30B009073D2 /* SJListManageTableCell.m in Sources */,
				778137311F2F571200F3CAA8 /* SJBaseNavigationController.m in Sources */,
			);
			runOnlyForDeploymentPostprocessing = 0;
		};
/* End PBXSourcesBuildPhase section */

/* Begin PBXVariantGroup section */
		778137101F2F558200F3CAA8 /* LaunchScreen.storyboard */ = {
			isa = PBXVariantGroup;
			children = (
				778137111F2F558200F3CAA8 /* Base */,
			);
			name = LaunchScreen.storyboard;
			sourceTree = "<group>";
		};
/* End PBXVariantGroup section */

/* Begin XCBuildConfiguration section */
		778137141F2F558200F3CAA8 /* Debug */ = {
			isa = XCBuildConfiguration;
			buildSettings = {
				ALWAYS_SEARCH_USER_PATHS = NO;
				CLANG_ANALYZER_NONNULL = YES;
				CLANG_ANALYZER_NUMBER_OBJECT_CONVERSION = YES_AGGRESSIVE;
				CLANG_CXX_LANGUAGE_STANDARD = "gnu++0x";
				CLANG_CXX_LIBRARY = "libc++";
				CLANG_ENABLE_MODULES = YES;
				CLANG_ENABLE_OBJC_ARC = YES;
				CLANG_WARN_BOOL_CONVERSION = YES;
				CLANG_WARN_CONSTANT_CONVERSION = YES;
				CLANG_WARN_DIRECT_OBJC_ISA_USAGE = YES_ERROR;
				CLANG_WARN_DOCUMENTATION_COMMENTS = YES;
				CLANG_WARN_EMPTY_BODY = YES;
				CLANG_WARN_ENUM_CONVERSION = YES;
				CLANG_WARN_INFINITE_RECURSION = YES;
				CLANG_WARN_INT_CONVERSION = YES;
				CLANG_WARN_OBJC_ROOT_CLASS = YES_ERROR;
				CLANG_WARN_SUSPICIOUS_MOVE = YES;
				CLANG_WARN_UNREACHABLE_CODE = YES;
				CLANG_WARN__DUPLICATE_METHOD_MATCH = YES;
				"CODE_SIGN_IDENTITY[sdk=iphoneos*]" = "iPhone Developer";
				COPY_PHASE_STRIP = NO;
				DEBUG_INFORMATION_FORMAT = dwarf;
				ENABLE_STRICT_OBJC_MSGSEND = YES;
				ENABLE_TESTABILITY = YES;
				GCC_C_LANGUAGE_STANDARD = gnu99;
				GCC_DYNAMIC_NO_PIC = NO;
				GCC_NO_COMMON_BLOCKS = YES;
				GCC_OPTIMIZATION_LEVEL = 0;
				GCC_PREPROCESSOR_DEFINITIONS = (
					"DEBUG=1",
					"$(inherited)",
				);
				GCC_WARN_64_TO_32_BIT_CONVERSION = YES;
				GCC_WARN_ABOUT_RETURN_TYPE = YES_ERROR;
				GCC_WARN_UNDECLARED_SELECTOR = YES;
				GCC_WARN_UNINITIALIZED_AUTOS = YES_AGGRESSIVE;
				GCC_WARN_UNUSED_FUNCTION = YES;
				GCC_WARN_UNUSED_VARIABLE = YES;
				IPHONEOS_DEPLOYMENT_TARGET = 10.3;
				MTL_ENABLE_DEBUG_INFO = YES;
				ONLY_ACTIVE_ARCH = YES;
				SDKROOT = iphoneos;
				TARGETED_DEVICE_FAMILY = "1,2";
			};
			name = Debug;
		};
		778137151F2F558200F3CAA8 /* Release */ = {
			isa = XCBuildConfiguration;
			buildSettings = {
				ALWAYS_SEARCH_USER_PATHS = NO;
				CLANG_ANALYZER_NONNULL = YES;
				CLANG_ANALYZER_NUMBER_OBJECT_CONVERSION = YES_AGGRESSIVE;
				CLANG_CXX_LANGUAGE_STANDARD = "gnu++0x";
				CLANG_CXX_LIBRARY = "libc++";
				CLANG_ENABLE_MODULES = YES;
				CLANG_ENABLE_OBJC_ARC = YES;
				CLANG_WARN_BOOL_CONVERSION = YES;
				CLANG_WARN_CONSTANT_CONVERSION = YES;
				CLANG_WARN_DIRECT_OBJC_ISA_USAGE = YES_ERROR;
				CLANG_WARN_DOCUMENTATION_COMMENTS = YES;
				CLANG_WARN_EMPTY_BODY = YES;
				CLANG_WARN_ENUM_CONVERSION = YES;
				CLANG_WARN_INFINITE_RECURSION = YES;
				CLANG_WARN_INT_CONVERSION = YES;
				CLANG_WARN_OBJC_ROOT_CLASS = YES_ERROR;
				CLANG_WARN_SUSPICIOUS_MOVE = YES;
				CLANG_WARN_UNREACHABLE_CODE = YES;
				CLANG_WARN__DUPLICATE_METHOD_MATCH = YES;
				"CODE_SIGN_IDENTITY[sdk=iphoneos*]" = "iPhone Developer";
				COPY_PHASE_STRIP = NO;
				DEBUG_INFORMATION_FORMAT = "dwarf-with-dsym";
				ENABLE_NS_ASSERTIONS = NO;
				ENABLE_STRICT_OBJC_MSGSEND = YES;
				GCC_C_LANGUAGE_STANDARD = gnu99;
				GCC_NO_COMMON_BLOCKS = YES;
				GCC_WARN_64_TO_32_BIT_CONVERSION = YES;
				GCC_WARN_ABOUT_RETURN_TYPE = YES_ERROR;
				GCC_WARN_UNDECLARED_SELECTOR = YES;
				GCC_WARN_UNINITIALIZED_AUTOS = YES_AGGRESSIVE;
				GCC_WARN_UNUSED_FUNCTION = YES;
				GCC_WARN_UNUSED_VARIABLE = YES;
				IPHONEOS_DEPLOYMENT_TARGET = 10.3;
				MTL_ENABLE_DEBUG_INFO = NO;
				SDKROOT = iphoneos;
				TARGETED_DEVICE_FAMILY = "1,2";
				VALIDATE_PRODUCT = YES;
			};
			name = Release;
		};
		778137171F2F558200F3CAA8 /* Debug */ = {
			isa = XCBuildConfiguration;
			baseConfigurationReference = FA68CC42C134EA75944ACE4C /* Pods-ReciteWords.debug.xcconfig */;
			buildSettings = {
				ASSETCATALOG_COMPILER_APPICON_NAME = AppIcon;
				DEVELOPMENT_TEAM = DB5B5F2RH5;
				GCC_PREFIX_HEADER = "$(PROJECT)/reciteWords.pch";
				INFOPLIST_FILE = ReciteWords/Info.plist;
				IPHONEOS_DEPLOYMENT_TARGET = 8.0;
				LD_RUNPATH_SEARCH_PATHS = "$(inherited) @executable_path/Frameworks";
				PRODUCT_BUNDLE_IDENTIFIER = com.SanJiang.ReciteWords;
				PRODUCT_NAME = "$(TARGET_NAME)";
				PROVISIONING_PROFILE = "69b03a16-4788-4a83-b37a-fb5f44a68a15";
				PROVISIONING_PROFILE_SPECIFIER = SanJiangDevelopment;
			};
			name = Debug;
		};
		778137181F2F558200F3CAA8 /* Release */ = {
			isa = XCBuildConfiguration;
			baseConfigurationReference = A8901B06E98165B83D4DF7C8 /* Pods-ReciteWords.release.xcconfig */;
			buildSettings = {
				ASSETCATALOG_COMPILER_APPICON_NAME = AppIcon;
				DEVELOPMENT_TEAM = DB5B5F2RH5;
				GCC_PREFIX_HEADER = "$(PROJECT)/reciteWords.pch";
				INFOPLIST_FILE = ReciteWords/Info.plist;
				IPHONEOS_DEPLOYMENT_TARGET = 8.0;
				LD_RUNPATH_SEARCH_PATHS = "$(inherited) @executable_path/Frameworks";
				PRODUCT_BUNDLE_IDENTIFIER = com.SanJiang.ReciteWords;
				PRODUCT_NAME = "$(TARGET_NAME)";
				PROVISIONING_PROFILE = "69b03a16-4788-4a83-b37a-fb5f44a68a15";
				PROVISIONING_PROFILE_SPECIFIER = SanJiangDevelopment;
			};
			name = Release;
		};
/* End XCBuildConfiguration section */

/* Begin XCConfigurationList section */
		778136FA1F2F558200F3CAA8 /* Build configuration list for PBXProject "ReciteWords" */ = {
			isa = XCConfigurationList;
			buildConfigurations = (
				778137141F2F558200F3CAA8 /* Debug */,
				778137151F2F558200F3CAA8 /* Release */,
			);
			defaultConfigurationIsVisible = 0;
			defaultConfigurationName = Release;
		};
		778137161F2F558200F3CAA8 /* Build configuration list for PBXNativeTarget "ReciteWords" */ = {
			isa = XCConfigurationList;
			buildConfigurations = (
				778137171F2F558200F3CAA8 /* Debug */,
				778137181F2F558200F3CAA8 /* Release */,
			);
			defaultConfigurationIsVisible = 0;
			defaultConfigurationName = Release;
		};
/* End XCConfigurationList section */
	};
	rootObject = 778136F71F2F558200F3CAA8 /* Project object */;
}
