PODS:
  - AFNetworking (3.1.0):
    - AFNetworking/NSURLSession (= 3.1.0)
    - AFNetworking/Reachability (= 3.1.0)
    - AFNetworking/Security (= 3.1.0)
    - AFNetworking/Serialization (= 3.1.0)
    - AFNetworking/UIKit (= 3.1.0)
  - AFNetworking/NSURLSession (3.1.0):
    - AFNetworking/Reachability
    - AFNetworking/Security
    - AFNetworking/Serialization
  - AFNetworking/Reachability (3.1.0)
  - AFNetworking/Security (3.1.0)
  - AFNetworking/Serialization (3.1.0)
  - AFNetworking/UIKit (3.1.0):
    - AFNetworking/NSURLSession
  - Masonry (1.0.2)
  - SJBorderLineView (0.0.3)
  - SJDBMap (1.0.21)
  - SVProgressHUD (2.1.2)

DEPENDENCIES:
  - AFNetworking
  - Masonry
  - SJBorderLineView
  - SJDBMap
  - SVProgressHUD

SPEC CHECKSUMS:
  AFNetworking: 5e0e199f73d8626b11e79750991f5d173d1f8b67
  Masonry: 7c429b56da9d4ee0bbb3ed77a5ea710d6a5df39e
  SJBorderLineView: 791d0ba12a8dd7be28b898e0c60b9e07b7f5c62f
  SJDBMap: 0470b007c3e31a32e935f6bc3bdacb67d4a7b16f
  SVProgressHUD: c404a55d78acbeb7ebb78b76d3faf986475a6994

PODFILE CHECKSUM: 9c72f90a7779959f1cce7e59e59e51cdbce75162

COCOAPODS: 1.2.0
